
Microsoft Visual Studio Solution File, Format Version 12.00
# Visual Studio Version 17
VisualStudioVersion = 17.0.32126.317
MinimumVisualStudioVersion = 10.0.40219.1
Project("{FAE04EC0-301F-11D3-BF4B-00C04F79EFBC}") = "asmr.one", "asmr.one\asmr.one.csproj", "{431A3FC0-29B8-4320-8F2C-DDAAD5B183D3}"
EndProject
Global
	GlobalSection(SolutionConfigurationPlatforms) = preSolution
		Debug|Any CPU = Debug|Any CPU
		Release|Any CPU = Release|Any CPU
	EndGlobalSection
	GlobalSection(ProjectConfigurationPlatforms) = postSolution
		{431A3FC0-29B8-4320-8F2C-DDAAD5B183D3}.Debug|Any CPU.ActiveCfg = Debug|Any CPU
		{431A3FC0-29B8-4320-8F2C-DDAAD5B183D3}.Debug|Any CPU.Build.0 = Debug|Any CPU
		{431A3FC0-29B8-4320-8F2C-DDAAD5B183D3}.Release|Any CPU.ActiveCfg = Release|Any CPU
		{431A3FC0-29B8-4320-8F2C-DDAAD5B183D3}.Release|Any CPU.Build.0 = Release|Any CPU
	EndGlobalSection
	GlobalSection(SolutionProperties) = preSolution
		HideSolutionNode = FALSE
	EndGlobalSection
	GlobalSection(ExtensibilityGlobals) = postSolution
		SolutionGuid = {3CDB7E86-64AD-4B67-9C81-F35B11BC9FB8}
	EndGlobalSection
EndGlobal
